// !$*UTF8*$!
{
	archiveVersion = 1;
	classes = {
	};
	objectVersion = 56;
	objects = {

/* Begin PBXBuildFile section */
		48AD9E6B29AD12D80063905E /* VistaCliente.swift in Sources */ = {isa = PBXBuildFile; fileRef = 48AD9E6A29AD12D80063905E /* VistaCliente.swift */; };
		48AD9E6D29AD13720063905E /* VistaCuenta.swift in Sources */ = {isa = PBXBuildFile; fileRef = 48AD9E6C29AD13720063905E /* VistaCuenta.swift */; };
		48AD9E7429AF3F9B0063905E /* CeldaSucursalesView.swift in Sources */ = {isa = PBXBuildFile; fileRef = 48AD9E7229AF3F9B0063905E /* CeldaSucursalesView.swift */; };
		48AD9E7529AF3F9B0063905E /* CeldaSucursalesView.xib in Resources */ = {isa = PBXBuildFile; fileRef = 48AD9E7329AF3F9B0063905E /* CeldaSucursalesView.xib */; };
		48AD9E7729AF45CB0063905E /* VistaSucursalCRUD.swift in Sources */ = {isa = PBXBuildFile; fileRef = 48AD9E7629AF45CB0063905E /* VistaSucursalCRUD.swift */; };
		48AD9E8229AF4FFC0063905E /* CeldaClienteView.swift in Sources */ = {isa = PBXBuildFile; fileRef = 48AD9E8029AF4FFC0063905E /* CeldaClienteView.swift */; };
		48AD9E8329AF4FFC0063905E /* CeldaClienteView.xib in Resources */ = {isa = PBXBuildFile; fileRef = 48AD9E8129AF4FFC0063905E /* CeldaClienteView.xib */; };
		48AD9E8A29AF5BCD0063905E /* CeldaCuentaView.swift in Sources */ = {isa = PBXBuildFile; fileRef = 48AD9E8829AF5BCD0063905E /* CeldaCuentaView.swift */; };
		48AD9E8B29AF5BCD0063905E /* CeldaCuentaView.xib in Resources */ = {isa = PBXBuildFile; fileRef = 48AD9E8929AF5BCD0063905E /* CeldaCuentaView.xib */; };
		48C4423F29A6184E00133983 /* AppDelegate.swift in Sources */ = {isa = PBXBuildFile; fileRef = 48C4423E29A6184E00133983 /* AppDelegate.swift */; };
		48C4424129A6184E00133983 /* SceneDelegate.swift in Sources */ = {isa = PBXBuildFile; fileRef = 48C4424029A6184E00133983 /* SceneDelegate.swift */; };
		48C4424329A6184E00133983 /* VistaSucursal.swift in Sources */ = {isa = PBXBuildFile; fileRef = 48C4424229A6184E00133983 /* VistaSucursal.swift */; };
		48C4424629A6184E00133983 /* Main.storyboard in Resources */ = {isa = PBXBuildFile; fileRef = 48C4424429A6184E00133983 /* Main.storyboard */; };
		48C4424829A6184E00133983 /* Assets.xcassets in Resources */ = {isa = PBXBuildFile; fileRef = 48C4424729A6184E00133983 /* Assets.xcassets */; };
		48C4424B29A6184E00133983 /* LaunchScreen.storyboard in Resources */ = {isa = PBXBuildFile; fileRef = 48C4424929A6184E00133983 /* LaunchScreen.storyboard */; };
		48C4425529A63D2D00133983 /* InicioApp.swift in Sources */ = {isa = PBXBuildFile; fileRef = 48C4425429A63D2D00133983 /* InicioApp.swift */; };
/* End PBXBuildFile section */

/* Begin PBXFileReference section */
		48AD9E6A29AD12D80063905E /* VistaCliente.swift */ = {isa = PBXFileReference; lastKnownFileType = sourcecode.swift; path = VistaCliente.swift; sourceTree = "<group>"; };
		48AD9E6C29AD13720063905E /* VistaCuenta.swift */ = {isa = PBXFileReference; lastKnownFileType = sourcecode.swift; path = VistaCuenta.swift; sourceTree = "<group>"; };
		48AD9E7229AF3F9B0063905E /* CeldaSucursalesView.swift */ = {isa = PBXFileReference; lastKnownFileType = sourcecode.swift; path = CeldaSucursalesView.swift; sourceTree = "<group>"; };
		48AD9E7329AF3F9B0063905E /* CeldaSucursalesView.xib */ = {isa = PBXFileReference; lastKnownFileType = file.xib; path = CeldaSucursalesView.xib; sourceTree = "<group>"; };
		48AD9E7629AF45CB0063905E /* VistaSucursalCRUD.swift */ = {isa = PBXFileReference; lastKnownFileType = sourcecode.swift; path = VistaSucursalCRUD.swift; sourceTree = "<group>"; };
		48AD9E8029AF4FFC0063905E /* CeldaClienteView.swift */ = {isa = PBXFileReference; lastKnownFileType = sourcecode.swift; path = CeldaClienteView.swift; sourceTree = "<group>"; };
		48AD9E8129AF4FFC0063905E /* CeldaClienteView.xib */ = {isa = PBXFileReference; lastKnownFileType = file.xib; path = CeldaClienteView.xib; sourceTree = "<group>"; };
		48AD9E8829AF5BCD0063905E /* CeldaCuentaView.swift */ = {isa = PBXFileReference; lastKnownFileType = sourcecode.swift; path = CeldaCuentaView.swift; sourceTree = "<group>"; };
		48AD9E8929AF5BCD0063905E /* CeldaCuentaView.xib */ = {isa = PBXFileReference; lastKnownFileType = file.xib; path = CeldaCuentaView.xib; sourceTree = "<group>"; };
		48C4423B29A6184E00133983 /* Proyecto PMDM Swift.app */ = {isa = PBXFileReference; explicitFileType = wrapper.application; includeInIndex = 0; path = "Proyecto PMDM Swift.app"; sourceTree = BUILT_PRODUCTS_DIR; };
		48C4423E29A6184E00133983 /* AppDelegate.swift */ = {isa = PBXFileReference; lastKnownFileType = sourcecode.swift; path = AppDelegate.swift; sourceTree = "<group>"; };
		48C4424029A6184E00133983 /* SceneDelegate.swift */ = {isa = PBXFileReference; lastKnownFileType = sourcecode.swift; path = SceneDelegate.swift; sourceTree = "<group>"; };
		48C4424229A6184E00133983 /* VistaSucursal.swift */ = {isa = PBXFileReference; lastKnownFileType = sourcecode.swift; path = VistaSucursal.swift; sourceTree = "<group>"; };
		48C4424529A6184E00133983 /* Base */ = {isa = PBXFileReference; lastKnownFileType = file.storyboard; name = Base; path = Base.lproj/Main.storyboard; sourceTree = "<group>"; };
		48C4424729A6184E00133983 /* Assets.xcassets */ = {isa = PBXFileReference; lastKnownFileType = folder.assetcatalog; path = Assets.xcassets; sourceTree = "<group>"; };
		48C4424A29A6184E00133983 /* Base */ = {isa = PBXFileReference; lastKnownFileType = file.storyboard; name = Base; path = Base.lproj/LaunchScreen.storyboard; sourceTree = "<group>"; };
		48C4424C29A6184E00133983 /* Info.plist */ = {isa = PBXFileReference; lastKnownFileType = text.plist.xml; path = Info.plist; sourceTree = "<group>"; };
		48C4425429A63D2D00133983 /* InicioApp.swift */ = {isa = PBXFileReference; lastKnownFileType = sourcecode.swift; path = InicioApp.swift; sourceTree = "<group>"; };
/* End PBXFileReference section */

/* Begin PBXFrameworksBuildPhase section */
		48C4423829A6184E00133983 /* Frameworks */ = {
			isa = PBXFrameworksBuildPhase;
			buildActionMask = 2147483647;
			files = (
			);
			runOnlyForDeploymentPostprocessing = 0;
		};
/* End PBXFrameworksBuildPhase section */

/* Begin PBXGroup section */
		48C4423229A6184E00133983 = {
			isa = PBXGroup;
			children = (
				48C4423D29A6184E00133983 /* Proyecto PMDM Swift */,
				48C4423C29A6184E00133983 /* Products */,
			);
			sourceTree = "<group>";
		};
		48C4423C29A6184E00133983 /* Products */ = {
			isa = PBXGroup;
			children = (
				48C4423B29A6184E00133983 /* Proyecto PMDM Swift.app */,
			);
			name = Products;
			sourceTree = "<group>";
		};
		48C4423D29A6184E00133983 /* Proyecto PMDM Swift */ = {
			isa = PBXGroup;
			children = (
				48C4425429A63D2D00133983 /* InicioApp.swift */,
				48C4423E29A6184E00133983 /* AppDelegate.swift */,
				48C4424029A6184E00133983 /* SceneDelegate.swift */,
				48C4424229A6184E00133983 /* VistaSucursal.swift */,
				48AD9E6A29AD12D80063905E /* VistaCliente.swift */,
				48AD9E6C29AD13720063905E /* VistaCuenta.swift */,
				48C4424429A6184E00133983 /* Main.storyboard */,
				48C4424729A6184E00133983 /* Assets.xcassets */,
				48C4424929A6184E00133983 /* LaunchScreen.storyboard */,
				48C4424C29A6184E00133983 /* Info.plist */,
				48AD9E7229AF3F9B0063905E /* CeldaSucursalesView.swift */,
				48AD9E7329AF3F9B0063905E /* CeldaSucursalesView.xib */,
				48AD9E7629AF45CB0063905E /* VistaSucursalCRUD.swift */,
				48AD9E8029AF4FFC0063905E /* CeldaClienteView.swift */,
				48AD9E8129AF4FFC0063905E /* CeldaClienteView.xib */,
				48AD9E8829AF5BCD0063905E /* CeldaCuentaView.swift */,
				48AD9E8929AF5BCD0063905E /* CeldaCuentaView.xib */,
			);
			path = "Proyecto PMDM Swift";
			sourceTree = "<group>";
		};
/* End PBXGroup section */

/* Begin PBXNativeTarget section */
		48C4423A29A6184E00133983 /* Proyecto PMDM Swift */ = {
			isa = PBXNativeTarget;
			buildConfigurationList = 48C4424F29A6184E00133983 /* Build configuration list for PBXNativeTarget "Proyecto PMDM Swift" */;
			buildPhases = (
				48C4423729A6184E00133983 /* Sources */,
				48C4423829A6184E00133983 /* Frameworks */,
				48C4423929A6184E00133983 /* Resources */,
			);
			buildRules = (
			);
			dependencies = (
			);
			name = "Proyecto PMDM Swift";
			productName = "Proyecto PMDM Swift";
			productReference = 48C4423B29A6184E00133983 /* Proyecto PMDM Swift.app */;
			productType = "com.apple.product-type.application";
		};
/* End PBXNativeTarget section */

/* Begin PBXProject section */
		48C4423329A6184E00133983 /* Project object */ = {
			isa = PBXProject;
			attributes = {
				BuildIndependentTargetsInParallel = 1;
				LastSwiftUpdateCheck = 1420;
				LastUpgradeCheck = 1420;
				TargetAttributes = {
					48C4423A29A6184E00133983 = {
						CreatedOnToolsVersion = 14.2;
					};
				};
			};
			buildConfigurationList = 48C4423629A6184E00133983 /* Build configuration list for PBXProject "Proyecto PMDM Swift" */;
			compatibilityVersion = "Xcode 14.0";
			developmentRegion = en;
			hasScannedForEncodings = 0;
			knownRegions = (
				en,
				Base,
			);
			mainGroup = 48C4423229A6184E00133983;
			productRefGroup = 48C4423C29A6184E00133983 /* Products */;
			projectDirPath = "";
			projectRoot = "";
			targets = (
				48C4423A29A6184E00133983 /* Proyecto PMDM Swift */,
			);
		};
/* End PBXProject section */

/* Begin PBXResourcesBuildPhase section */
		48C4423929A6184E00133983 /* Resources */ = {
			isa = PBXResourcesBuildPhase;
			buildActionMask = 2147483647;
			files = (
				48AD9E8B29AF5BCD0063905E /* CeldaCuentaView.xib in Resources */,
				48C4424B29A6184E00133983 /* LaunchScreen.storyboard in Resources */,
				48AD9E7529AF3F9B0063905E /* CeldaSucursalesView.xib in Resources */,
				48C4424829A6184E00133983 /* Assets.xcassets in Resources */,
				48C4424629A6184E00133983 /* Main.storyboard in Resources */,
				48AD9E8329AF4FFC0063905E /* CeldaClienteView.xib in Resources */,
			);
			runOnlyForDeploymentPostprocessing = 0;
		};
/* End PBXResourcesBuildPhase section */

/* Begin PBXSourcesBuildPhase section */
		48C4423729A6184E00133983 /* Sources */ = {
			isa = PBXSourcesBuildPhase;
			buildActionMask = 2147483647;
			files = (
				48AD9E8A29AF5BCD0063905E /* CeldaCuentaView.swift in Sources */,
				48C4424329A6184E00133983 /* VistaSucursal.swift in Sources */,
				48AD9E7729AF45CB0063905E /* VistaSucursalCRUD.swift in Sources */,
				48AD9E6D29AD13720063905E /* VistaCuenta.swift in Sources */,
				48AD9E7429AF3F9B0063905E /* CeldaSucursalesView.swift in Sources */,
				48C4423F29A6184E00133983 /* AppDelegate.swift in Sources */,
				48AD9E6B29AD12D80063905E /* VistaCliente.swift in Sources */,
				48AD9E8229AF4FFC0063905E /* CeldaClienteView.swift in Sources */,
				48C4425529A63D2D00133983 /* InicioApp.swift in Sources */,
				48C4424129A6184E00133983 /* SceneDelegate.swift in Sources */,
			);
			runOnlyForDeploymentPostprocessing = 0;
		};
/* End PBXSourcesBuildPhase section */

/* Begin PBXVariantGroup section */
		48C4424429A6184E00133983 /* Main.storyboard */ = {
			isa = PBXVariantGroup;
			children = (
				48C4424529A6184E00133983 /* Base */,
			);
			name = Main.storyboard;
			sourceTree = "<group>";
		};
		48C4424929A6184E00133983 /* LaunchScreen.storyboard */ = {
			isa = PBXVariantGroup;
			children = (
				48C4424A29A6184E00133983 /* Base */,
			);
			name = LaunchScreen.storyboard;
			sourceTree = "<group>";
		};
/* End PBXVariantGroup section */

/* Begin XCBuildConfiguration section */
		48C4424D29A6184E00133983 /* Debug */ = {
			isa = XCBuildConfiguration;
			buildSettings = {
				ALWAYS_SEARCH_USER_PATHS = NO;
				CLANG_ANALYZER_NONNULL = YES;
				CLANG_ANALYZER_NUMBER_OBJECT_CONVERSION = YES_AGGRESSIVE;
				CLANG_CXX_LANGUAGE_STANDARD = "gnu++20";
				CLANG_ENABLE_MODULES = YES;
				CLANG_ENABLE_OBJC_ARC = YES;
				CLANG_ENABLE_OBJC_WEAK = YES;
				CLANG_WARN_BLOCK_CAPTURE_AUTORELEASING = YES;
				CLANG_WARN_BOOL_CONVERSION = YES;
				CLANG_WARN_COMMA = YES;
				CLANG_WARN_CONSTANT_CONVERSION = YES;
				CLANG_WARN_DEPRECATED_OBJC_IMPLEMENTATIONS = YES;
				CLANG_WARN_DIRECT_OBJC_ISA_USAGE = YES_ERROR;
				CLANG_WARN_DOCUMENTATION_COMMENTS = YES;
				CLANG_WARN_EMPTY_BODY = YES;
				CLANG_WARN_ENUM_CONVERSION = YES;
				CLANG_WARN_INFINITE_RECURSION = YES;
				CLANG_WARN_INT_CONVERSION = YES;
				CLANG_WARN_NON_LITERAL_NULL_CONVERSION = YES;
				CLANG_WARN_OBJC_IMPLICIT_RETAIN_SELF = YES;
				CLANG_WARN_OBJC_LITERAL_CONVERSION = YES;
				CLANG_WARN_OBJC_ROOT_CLASS = YES_ERROR;
				CLANG_WARN_QUOTED_INCLUDE_IN_FRAMEWORK_HEADER = YES;
				CLANG_WARN_RANGE_LOOP_ANALYSIS = YES;
				CLANG_WARN_STRICT_PROTOTYPES = YES;
				CLANG_WARN_SUSPICIOUS_MOVE = YES;
				CLANG_WARN_UNGUARDED_AVAILABILITY = YES_AGGRESSIVE;
				CLANG_WARN_UNREACHABLE_CODE = YES;
				CLANG_WARN__DUPLICATE_METHOD_MATCH = YES;
				COPY_PHASE_STRIP = NO;
				DEBUG_INFORMATION_FORMAT = dwarf;
				ENABLE_STRICT_OBJC_MSGSEND = YES;
				ENABLE_TESTABILITY = YES;
				GCC_C_LANGUAGE_STANDARD = gnu11;
				GCC_DYNAMIC_NO_PIC = NO;
				GCC_NO_COMMON_BLOCKS = YES;
				GCC_OPTIMIZATION_LEVEL = 0;
				GCC_PREPROCESSOR_DEFINITIONS = (
					"DEBUG=1",
					"$(inherited)",
				);
				GCC_WARN_64_TO_32_BIT_CONVERSION = YES;
				GCC_WARN_ABOUT_RETURN_TYPE = YES_ERROR;
				GCC_WARN_UNDECLARED_SELECTOR = YES;
				GCC_WARN_UNINITIALIZED_AUTOS = YES_AGGRESSIVE;
				GCC_WARN_UNUSED_FUNCTION = YES;
				GCC_WARN_UNUSED_VARIABLE = YES;
				IPHONEOS_DEPLOYMENT_TARGET = 16.2;
				MTL_ENABLE_DEBUG_INFO = INCLUDE_SOURCE;
				MTL_FAST_MATH = YES;
				ONLY_ACTIVE_ARCH = YES;
				SDKROOT = iphoneos;
				SWIFT_ACTIVE_COMPILATION_CONDITIONS = DEBUG;
				SWIFT_OPTIMIZATION_LEVEL = "-Onone";
			};
			name = Debug;
		};
		48C4424E29A6184E00133983 /* Release */ = {
			isa = XCBuildConfiguration;
			buildSettings = {
				ALWAYS_SEARCH_USER_PATHS = NO;
				CLANG_ANALYZER_NONNULL = YES;
				CLANG_ANALYZER_NUMBER_OBJECT_CONVERSION = YES_AGGRESSIVE;
				CLANG_CXX_LANGUAGE_STANDARD = "gnu++20";
				CLANG_ENABLE_MODULES = YES;
				CLANG_ENABLE_OBJC_ARC = YES;
				CLANG_ENABLE_OBJC_WEAK = YES;
				CLANG_WARN_BLOCK_CAPTURE_AUTORELEASING = YES;
				CLANG_WARN_BOOL_CONVERSION = YES;
				CLANG_WARN_COMMA = YES;
				CLANG_WARN_CONSTANT_CONVERSION = YES;
				CLANG_WARN_DEPRECATED_OBJC_IMPLEMENTATIONS = YES;
				CLANG_WARN_DIRECT_OBJC_ISA_USAGE = YES_ERROR;
				CLANG_WARN_DOCUMENTATION_COMMENTS = YES;
				CLANG_WARN_EMPTY_BODY = YES;
				CLANG_WARN_ENUM_CONVERSION = YES;
				CLANG_WARN_INFINITE_RECURSION = YES;
				CLANG_WARN_INT_CONVERSION = YES;
				CLANG_WARN_NON_LITERAL_NULL_CONVERSION = YES;
				CLANG_WARN_OBJC_IMPLICIT_RETAIN_SELF = YES;
				CLANG_WARN_OBJC_LITERAL_CONVERSION = YES;
				CLANG_WARN_OBJC_ROOT_CLASS = YES_ERROR;
				CLANG_WARN_QUOTED_INCLUDE_IN_FRAMEWORK_HEADER = YES;
				CLANG_WARN_RANGE_LOOP_ANALYSIS = YES;
				CLANG_WARN_STRICT_PROTOTYPES = YES;
				CLANG_WARN_SUSPICIOUS_MOVE = YES;
				CLANG_WARN_UNGUARDED_AVAILABILITY = YES_AGGRESSIVE;
				CLANG_WARN_UNREACHABLE_CODE = YES;
				CLANG_WARN__DUPLICATE_METHOD_MATCH = YES;
				COPY_PHASE_STRIP = NO;
				DEBUG_INFORMATION_FORMAT = "dwarf-with-dsym";
				ENABLE_NS_ASSERTIONS = NO;
				ENABLE_STRICT_OBJC_MSGSEND = YES;
				GCC_C_LANGUAGE_STANDARD = gnu11;
				GCC_NO_COMMON_BLOCKS = YES;
				GCC_WARN_64_TO_32_BIT_CONVERSION = YES;
				GCC_WARN_ABOUT_RETURN_TYPE = YES_ERROR;
				GCC_WARN_UNDECLARED_SELECTOR = YES;
				GCC_WARN_UNINITIALIZED_AUTOS = YES_AGGRESSIVE;
				GCC_WARN_UNUSED_FUNCTION = YES;
				GCC_WARN_UNUSED_VARIABLE = YES;
				IPHONEOS_DEPLOYMENT_TARGET = 16.2;
				MTL_ENABLE_DEBUG_INFO = NO;
				MTL_FAST_MATH = YES;
				SDKROOT = iphoneos;
				SWIFT_COMPILATION_MODE = wholemodule;
				SWIFT_OPTIMIZATION_LEVEL = "-O";
				VALIDATE_PRODUCT = YES;
			};
			name = Release;
		};
		48C4425029A6184E00133983 /* Debug */ = {
			isa = XCBuildConfiguration;
			buildSettings = {
				ASSETCATALOG_COMPILER_APPICON_NAME = AppIcon;
				ASSETCATALOG_COMPILER_GLOBAL_ACCENT_COLOR_NAME = AccentColor;
				CODE_SIGN_STYLE = Automatic;
				CURRENT_PROJECT_VERSION = 1;
				GENERATE_INFOPLIST_FILE = YES;
				INFOPLIST_FILE = "Proyecto PMDM Swift/Info.plist";
				INFOPLIST_KEY_UIApplicationSupportsIndirectInputEvents = YES;
				INFOPLIST_KEY_UILaunchStoryboardName = LaunchScreen;
				INFOPLIST_KEY_UIMainStoryboardFile = Main;
				INFOPLIST_KEY_UISupportedInterfaceOrientations_iPad = "UIInterfaceOrientationPortrait UIInterfaceOrientationPortraitUpsideDown UIInterfaceOrientationLandscapeLeft UIInterfaceOrientationLandscapeRight";
				INFOPLIST_KEY_UISupportedInterfaceOrientations_iPhone = "UIInterfaceOrientationPortrait UIInterfaceOrientationLandscapeLeft UIInterfaceOrientationLandscapeRight";
				LD_RUNPATH_SEARCH_PATHS = (
					"$(inherited)",
					"@executable_path/Frameworks",
				);
				MARKETING_VERSION = 1.0;
				PRODUCT_BUNDLE_IDENTIFIER = "dev.josemii.Proyecto-PMDM-Swift";
				PRODUCT_NAME = "$(TARGET_NAME)";
				SWIFT_EMIT_LOC_STRINGS = YES;
				SWIFT_VERSION = 5.0;
				TARGETED_DEVICE_FAMILY = "1,2";
			};
			name = Debug;
		};
		48C4425129A6184E00133983 /* Release */ = {
			isa = XCBuildConfiguration;
			buildSettings = {
				ASSETCATALOG_COMPILER_APPICON_NAME = AppIcon;
				ASSETCATALOG_COMPILER_GLOBAL_ACCENT_COLOR_NAME = AccentColor;
				CODE_SIGN_STYLE = Automatic;
				CURRENT_PROJECT_VERSION = 1;
				GENERATE_INFOPLIST_FILE = YES;
				INFOPLIST_FILE = "Proyecto PMDM Swift/Info.plist";
				INFOPLIST_KEY_UIApplicationSupportsIndirectInputEvents = YES;
				INFOPLIST_KEY_UILaunchStoryboardName = LaunchScreen;
				INFOPLIST_KEY_UIMainStoryboardFile = Main;
				INFOPLIST_KEY_UISupportedInterfaceOrientations_iPad = "UIInterfaceOrientationPortrait UIInterfaceOrientationPortraitUpsideDown UIInterfaceOrientationLandscapeLeft UIInterfaceOrientationLandscapeRight";
				INFOPLIST_KEY_UISupportedInterfaceOrientations_iPhone = "UIInterfaceOrientationPortrait UIInterfaceOrientationLandscapeLeft UIInterfaceOrientationLandscapeRight";
				LD_RUNPATH_SEARCH_PATHS = (
					"$(inherited)",
					"@executable_path/Frameworks",
				);
				MARKETING_VERSION = 1.0;
				PRODUCT_BUNDLE_IDENTIFIER = "dev.josemii.Proyecto-PMDM-Swift";
				PRODUCT_NAME = "$(TARGET_NAME)";
				SWIFT_EMIT_LOC_STRINGS = YES;
				SWIFT_VERSION = 5.0;
				TARGETED_DEVICE_FAMILY = "1,2";
			};
			name = Release;
		};
/* End XCBuildConfiguration section */

/* Begin XCConfigurationList section */
		48C4423629A6184E00133983 /* Build configuration list for PBXProject "Proyecto PMDM Swift" */ = {
			isa = XCConfigurationList;
			buildConfigurations = (
				48C4424D29A6184E00133983 /* Debug */,
				48C4424E29A6184E00133983 /* Release */,
			);
			defaultConfigurationIsVisible = 0;
			defaultConfigurationName = Release;
		};
		48C4424F29A6184E00133983 /* Build configuration list for PBXNativeTarget "Proyecto PMDM Swift" */ = {
			isa = XCConfigurationList;
			buildConfigurations = (
				48C4425029A6184E00133983 /* Debug */,
				48C4425129A6184E00133983 /* Release */,
			);
			defaultConfigurationIsVisible = 0;
			defaultConfigurationName = Release;
		};
/* End XCConfigurationList section */
	};
	rootObject = 48C4423329A6184E00133983 /* Project object */;
}
